
Microsoft Visual Studio Solution File, Format Version 12.00
# Visual Studio 15
VisualStudioVersion = 15.0.28307.329
MinimumVisualStudioVersion = 10.0.40219.1
Project("{FAE04EC0-301F-11D3-BF4B-00C04F79EFBC}") = "SkaterXLMapPreloader", "SkaterXLMapPreloader\SkaterXLMapPreloader.csproj", "{A1AFF9F7-BA4A-4D0D-A31A-EE8FB7E05922}"
EndProject
Global
	GlobalSection(SolutionConfigurationPlatforms) = preSolution
		Debug|Any CPU = Debug|Any CPU
		Release|Any CPU = Release|Any CPU
	EndGlobalSection
	GlobalSection(ProjectConfigurationPlatforms) = postSolution
		{A1AFF9F7-BA4A-4D0D-A31A-EE8FB7E05922}.Debug|Any CPU.ActiveCfg = Debug|Any CPU
		{A1AFF9F7-BA4A-4D0D-A31A-EE8FB7E05922}.Debug|Any CPU.Build.0 = Debug|Any CPU
		{A1AFF9F7-BA4A-4D0D-A31A-EE8FB7E05922}.Release|Any CPU.ActiveCfg = Release|Any CPU
		{A1AFF9F7-BA4A-4D0D-A31A-EE8FB7E05922}.Release|Any CPU.Build.0 = Release|Any CPU
	EndGlobalSection
	GlobalSection(SolutionProperties) = preSolution
		HideSolutionNode = FALSE
	EndGlobalSection
	GlobalSection(ExtensibilityGlobals) = postSolution
		SolutionGuid = {B3ED75DC-4C9B-4241-B5E0-C51B5CCEE76E}
	EndGlobalSection
EndGlobal
